github.com/go-chi/chi v1.5.4 h1:QHdzF2szwjqVV4wmByUnTcsbIg7UGaQ0tPF2t5GcAIs=
github.com/go-chi/chi v1.5.4/go.mod h1:uaf8YgoFazUOkPBG7fxPftUylNumIev9awIWOENIuEg=
github.com/lucsky/cuid v1.0.2 h1:z4XlExeoderxoPj2/dxKOyPxe9RCOu7yNq9/XWxIUMQ=
github.com/lucsky/cuid v1.0.2/go.mod h1:QaaJqckboimOmhRSJXSx/+IT+VTfxfPGSo/6mfgUfmE=
